
Microsoft Visual Studio Solution File, Format Version 12.00
# Visual Studio Version 17
VisualStudioVersion = 17.0.31903.59
MinimumVisualStudioVersion = 10.0.40219.1
Project("{FAE04EC0-301F-11D3-BF4B-00C04F79EFBC}") = "WmsAi.AppHost", "src\AppHost\WmsAi.AppHost\WmsAi.AppHost.csproj", "{A0B37BC4-2E5A-4F12-8C48-4A25B7E1F4E1}"
EndProject
Project("{FAE04EC0-301F-11D3-BF4B-00C04F79EFBC}") = "WmsAi.ServiceDefaults", "src\ServiceDefaults\WmsAi.ServiceDefaults\WmsAi.ServiceDefaults.csproj", "{0F7B5B6F-3EAE-42D7-B53B-8F4D3CF5FD9D}"
EndProject
Project("{FAE04EC0-301F-11D3-BF4B-00C04F79EFBC}") = "WmsAi.Gateway.Host", "src\Gateway\WmsAi.Gateway.Host\WmsAi.Gateway.Host.csproj", "{72E4CF65-3F64-4A7B-8D16-1D6A4F7D84C2}"
EndProject
Project("{FAE04EC0-301F-11D3-BF4B-00C04F79EFBC}") = "WmsAi.Platform.Host", "src\Platform\WmsAi.Platform.Host\WmsAi.Platform.Host.csproj", "{7B8E1E45-8A71-4A8B-9D05-5D19E8C5B0B1}"
EndProject
Project("{FAE04EC0-301F-11D3-BF4B-00C04F79EFBC}") = "WmsAi.Inbound.Host", "src\Inbound\WmsAi.Inbound.Host\WmsAi.Inbound.Host.csproj", "{3C4A5B6C-9D7E-4E5F-A1B2-C3D4E5F60718}"
EndProject
Project("{FAE04EC0-301F-11D3-BF4B-00C04F79EFBC}") = "WmsAi.AiGateway.Host", "src\AiGateway\WmsAi.AiGateway.Host\WmsAi.AiGateway.Host.csproj", "{2F3E4D5C-6B7A-4C8D-9E0F-1029384756A1}"
EndProject
Project("{FAE04EC0-301F-11D3-BF4B-00C04F79EFBC}") = "WmsAi.Operations.Host", "src\Operations\WmsAi.Operations.Host\WmsAi.Operations.Host.csproj", "{1A2B3C4D-5E6F-4A7B-8C9D-0E1F2A3B4C5D}"
EndProject
Project("{FAE04EC0-301F-11D3-BF4B-00C04F79EFBC}") = "WmsAi.ArchitectureTests", "tests\WmsAi.ArchitectureTests\WmsAi.ArchitectureTests.csproj", "{F3F2E5E4-5A4F-4A7B-BA88-7F8B5DBD5C7D}"
EndProject
Project("{2150E333-8FDC-42A3-9474-1A3956D46DE8}") = "src", "src", "{827E0CD3-B72D-47B6-A68D-7590B98EB39B}"
EndProject
Project("{2150E333-8FDC-42A3-9474-1A3956D46DE8}") = "Platform", "Platform", "{4DF80442-A1E5-CC28-AE7B-27B5F9BFE52B}"
EndProject
Project("{FAE04EC0-301F-11D3-BF4B-00C04F79EFBC}") = "WmsAi.Platform.Domain", "src\Platform\WmsAi.Platform.Domain\WmsAi.Platform.Domain.csproj", "{8EE8DB44-C536-49BA-B601-84466DC37392}"
EndProject
Project("{2150E333-8FDC-42A3-9474-1A3956D46DE8}") = "BuildingBlocks", "BuildingBlocks", "{90298CBA-BD6F-3A0A-69D5-97CAD7B05E7E}"
EndProject
Project("{FAE04EC0-301F-11D3-BF4B-00C04F79EFBC}") = "WmsAi.SharedKernel", "src\BuildingBlocks\WmsAi.SharedKernel\WmsAi.SharedKernel.csproj", "{94337C99-9EDE-4424-B641-6030DB4660DA}"
EndProject
Project("{FAE04EC0-301F-11D3-BF4B-00C04F79EFBC}") = "WmsAi.Platform.Application", "src\Platform\WmsAi.Platform.Application\WmsAi.Platform.Application.csproj", "{0F9A2BA7-B62B-4631-B085-C47DF10A600C}"
EndProject
Project("{FAE04EC0-301F-11D3-BF4B-00C04F79EFBC}") = "WmsAi.Platform.Infrastructure", "src\Platform\WmsAi.Platform.Infrastructure\WmsAi.Platform.Infrastructure.csproj", "{F74B4877-8A99-4F58-9DCE-06F6CE4794C1}"
EndProject
Project("{2150E333-8FDC-42A3-9474-1A3956D46DE8}") = "tests", "tests", "{0AB3BF05-4346-4AA6-1389-037BE0695223}"
EndProject
Project("{FAE04EC0-301F-11D3-BF4B-00C04F79EFBC}") = "WmsAi.Platform.Tests", "tests\WmsAi.Platform.Tests\WmsAi.Platform.Tests.csproj", "{1307C6EE-A280-484E-9F9D-85DBCD40938A}"
EndProject
Project("{2150E333-8FDC-42A3-9474-1A3956D46DE8}") = "Inbound", "Inbound", "{1875667D-9691-12AB-2993-546296B0D160}"
EndProject
Project("{FAE04EC0-301F-11D3-BF4B-00C04F79EFBC}") = "WmsAi.Inbound.Domain", "src\Inbound\WmsAi.Inbound.Domain\WmsAi.Inbound.Domain.csproj", "{0850E85A-CB39-4EA0-AC9A-425FFC30DDB1}"
EndProject
Project("{FAE04EC0-301F-11D3-BF4B-00C04F79EFBC}") = "WmsAi.Inbound.Application", "src\Inbound\WmsAi.Inbound.Application\WmsAi.Inbound.Application.csproj", "{7A95CC3B-9164-4207-B476-ABE960AAE41C}"
EndProject
Project("{FAE04EC0-301F-11D3-BF4B-00C04F79EFBC}") = "WmsAi.Inbound.Infrastructure", "src\Inbound\WmsAi.Inbound.Infrastructure\WmsAi.Inbound.Infrastructure.csproj", "{B528387E-D30B-4A90-9198-E2F87219D86A}"
EndProject
Project("{FAE04EC0-301F-11D3-BF4B-00C04F79EFBC}") = "WmsAi.Inbound.Tests", "tests\WmsAi.Inbound.Tests\WmsAi.Inbound.Tests.csproj", "{60732A3A-51B2-43E7-B618-B74992796062}"
EndProject
Project("{FAE04EC0-301F-11D3-BF4B-00C04F79EFBC}") = "WmsAi.Integration.Tests", "tests\WmsAi.Integration.Tests\WmsAi.Integration.Tests.csproj", "{D3F4004F-87B0-4BA4-9196-5C876F987F4A}"
EndProject
Project("{2150E333-8FDC-42A3-9474-1A3956D46DE8}") = "AppHost", "AppHost", "{63882A7C-90E5-DEE3-63BB-E6ABDBC8A365}"
EndProject
Global
	GlobalSection(SolutionConfigurationPlatforms) = preSolution
		Debug|Any CPU = Debug|Any CPU
		Debug|x64 = Debug|x64
		Debug|x86 = Debug|x86
		Release|Any CPU = Release|Any CPU
		Release|x64 = Release|x64
		Release|x86 = Release|x86
	EndGlobalSection
	GlobalSection(ProjectConfigurationPlatforms) = postSolution
		{A0B37BC4-2E5A-4F12-8C48-4A25B7E1F4E1}.Debug|Any CPU.ActiveCfg = Debug|Any CPU
		{A0B37BC4-2E5A-4F12-8C48-4A25B7E1F4E1}.Debug|Any CPU.Build.0 = Debug|Any CPU
		{A0B37BC4-2E5A-4F12-8C48-4A25B7E1F4E1}.Debug|x64.ActiveCfg = Debug|Any CPU
		{A0B37BC4-2E5A-4F12-8C48-4A25B7E1F4E1}.Debug|x64.Build.0 = Debug|Any CPU
		{A0B37BC4-2E5A-4F12-8C48-4A25B7E1F4E1}.Debug|x86.ActiveCfg = Debug|Any CPU
		{A0B37BC4-2E5A-4F12-8C48-4A25B7E1F4E1}.Debug|x86.Build.0 = Debug|Any CPU
		{A0B37BC4-2E5A-4F12-8C48-4A25B7E1F4E1}.Release|Any CPU.ActiveCfg = Release|Any CPU
		{A0B37BC4-2E5A-4F12-8C48-4A25B7E1F4E1}.Release|Any CPU.Build.0 = Release|Any CPU
		{A0B37BC4-2E5A-4F12-8C48-4A25B7E1F4E1}.Release|x64.ActiveCfg = Release|Any CPU
		{A0B37BC4-2E5A-4F12-8C48-4A25B7E1F4E1}.Release|x64.Build.0 = Release|Any CPU
		{A0B37BC4-2E5A-4F12-8C48-4A25B7E1F4E1}.Release|x86.ActiveCfg = Release|Any CPU
		{A0B37BC4-2E5A-4F12-8C48-4A25B7E1F4E1}.Release|x86.Build.0 = Release|Any CPU
		{0F7B5B6F-3EAE-42D7-B53B-8F4D3CF5FD9D}.Debug|Any CPU.ActiveCfg = Debug|Any CPU
		{0F7B5B6F-3EAE-42D7-B53B-8F4D3CF5FD9D}.Debug|Any CPU.Build.0 = Debug|Any CPU
		{0F7B5B6F-3EAE-42D7-B53B-8F4D3CF5FD9D}.Debug|x64.ActiveCfg = Debug|Any CPU
		{0F7B5B6F-3EAE-42D7-B53B-8F4D3CF5FD9D}.Debug|x64.Build.0 = Debug|Any CPU
		{0F7B5B6F-3EAE-42D7-B53B-8F4D3CF5FD9D}.Debug|x86.ActiveCfg = Debug|Any CPU
		{0F7B5B6F-3EAE-42D7-B53B-8F4D3CF5FD9D}.Debug|x86.Build.0 = Debug|Any CPU
		{0F7B5B6F-3EAE-42D7-B53B-8F4D3CF5FD9D}.Release|Any CPU.ActiveCfg = Release|Any CPU
		{0F7B5B6F-3EAE-42D7-B53B-8F4D3CF5FD9D}.Release|Any CPU.Build.0 = Release|Any CPU
		{0F7B5B6F-3EAE-42D7-B53B-8F4D3CF5FD9D}.Release|x64.ActiveCfg = Release|Any CPU
		{0F7B5B6F-3EAE-42D7-B53B-8F4D3CF5FD9D}.Release|x64.Build.0 = Release|Any CPU
		{0F7B5B6F-3EAE-42D7-B53B-8F4D3CF5FD9D}.Release|x86.ActiveCfg = Release|Any CPU
		{0F7B5B6F-3EAE-42D7-B53B-8F4D3CF5FD9D}.Release|x86.Build.0 = Release|Any CPU
		{72E4CF65-3F64-4A7B-8D16-1D6A4F7D84C2}.Debug|Any CPU.ActiveCfg = Debug|Any CPU
		{72E4CF65-3F64-4A7B-8D16-1D6A4F7D84C2}.Debug|Any CPU.Build.0 = Debug|Any CPU
		{72E4CF65-3F64-4A7B-8D16-1D6A4F7D84C2}.Debug|x64.ActiveCfg = Debug|Any CPU
		{72E4CF65-3F64-4A7B-8D16-1D6A4F7D84C2}.Debug|x64.Build.0 = Debug|Any CPU
		{72E4CF65-3F64-4A7B-8D16-1D6A4F7D84C2}.Debug|x86.ActiveCfg = Debug|Any CPU
		{72E4CF65-3F64-4A7B-8D16-1D6A4F7D84C2}.Debug|x86.Build.0 = Debug|Any CPU
		{72E4CF65-3F64-4A7B-8D16-1D6A4F7D84C2}.Release|Any CPU.ActiveCfg = Release|Any CPU
		{72E4CF65-3F64-4A7B-8D16-1D6A4F7D84C2}.Release|Any CPU.Build.0 = Release|Any CPU
		{72E4CF65-3F64-4A7B-8D16-1D6A4F7D84C2}.Release|x64.ActiveCfg = Release|Any CPU
		{72E4CF65-3F64-4A7B-8D16-1D6A4F7D84C2}.Release|x64.Build.0 = Release|Any CPU
		{72E4CF65-3F64-4A7B-8D16-1D6A4F7D84C2}.Release|x86.ActiveCfg = Release|Any CPU
		{72E4CF65-3F64-4A7B-8D16-1D6A4F7D84C2}.Release|x86.Build.0 = Release|Any CPU
		{7B8E1E45-8A71-4A8B-9D05-5D19E8C5B0B1}.Debug|Any CPU.ActiveCfg = Debug|Any CPU
		{7B8E1E45-8A71-4A8B-9D05-5D19E8C5B0B1}.Debug|Any CPU.Build.0 = Debug|Any CPU
		{7B8E1E45-8A71-4A8B-9D05-5D19E8C5B0B1}.Debug|x64.ActiveCfg = Debug|Any CPU
		{7B8E1E45-8A71-4A8B-9D05-5D19E8C5B0B1}.Debug|x64.Build.0 = Debug|Any CPU
		{7B8E1E45-8A71-4A8B-9D05-5D19E8C5B0B1}.Debug|x86.ActiveCfg = Debug|Any CPU
		{7B8E1E45-8A71-4A8B-9D05-5D19E8C5B0B1}.Debug|x86.Build.0 = Debug|Any CPU
		{7B8E1E45-8A71-4A8B-9D05-5D19E8C5B0B1}.Release|Any CPU.ActiveCfg = Release|Any CPU
		{7B8E1E45-8A71-4A8B-9D05-5D19E8C5B0B1}.Release|Any CPU.Build.0 = Release|Any CPU
		{7B8E1E45-8A71-4A8B-9D05-5D19E8C5B0B1}.Release|x64.ActiveCfg = Release|Any CPU
		{7B8E1E45-8A71-4A8B-9D05-5D19E8C5B0B1}.Release|x64.Build.0 = Release|Any CPU
		{7B8E1E45-8A71-4A8B-9D05-5D19E8C5B0B1}.Release|x86.ActiveCfg = Release|Any CPU
		{7B8E1E45-8A71-4A8B-9D05-5D19E8C5B0B1}.Release|x86.Build.0 = Release|Any CPU
		{3C4A5B6C-9D7E-4E5F-A1B2-C3D4E5F60718}.Debug|Any CPU.ActiveCfg = Debug|Any CPU
		{3C4A5B6C-9D7E-4E5F-A1B2-C3D4E5F60718}.Debug|Any CPU.Build.0 = Debug|Any CPU
		{3C4A5B6C-9D7E-4E5F-A1B2-C3D4E5F60718}.Debug|x64.ActiveCfg = Debug|Any CPU
		{3C4A5B6C-9D7E-4E5F-A1B2-C3D4E5F60718}.Debug|x64.Build.0 = Debug|Any CPU
		{3C4A5B6C-9D7E-4E5F-A1B2-C3D4E5F60718}.Debug|x86.ActiveCfg = Debug|Any CPU
		{3C4A5B6C-9D7E-4E5F-A1B2-C3D4E5F60718}.Debug|x86.Build.0 = Debug|Any CPU
		{3C4A5B6C-9D7E-4E5F-A1B2-C3D4E5F60718}.Release|Any CPU.ActiveCfg = Release|Any CPU
		{3C4A5B6C-9D7E-4E5F-A1B2-C3D4E5F60718}.Release|Any CPU.Build.0 = Release|Any CPU
		{3C4A5B6C-9D7E-4E5F-A1B2-C3D4E5F60718}.Release|x64.ActiveCfg = Release|Any CPU
		{3C4A5B6C-9D7E-4E5F-A1B2-C3D4E5F60718}.Release|x64.Build.0 = Release|Any CPU
		{3C4A5B6C-9D7E-4E5F-A1B2-C3D4E5F60718}.Release|x86.ActiveCfg = Release|Any CPU
		{3C4A5B6C-9D7E-4E5F-A1B2-C3D4E5F60718}.Release|x86.Build.0 = Release|Any CPU
		{2F3E4D5C-6B7A-4C8D-9E0F-1029384756A1}.Debug|Any CPU.ActiveCfg = Debug|Any CPU
		{2F3E4D5C-6B7A-4C8D-9E0F-1029384756A1}.Debug|Any CPU.Build.0 = Debug|Any CPU
		{2F3E4D5C-6B7A-4C8D-9E0F-1029384756A1}.Debug|x64.ActiveCfg = Debug|Any CPU
		{2F3E4D5C-6B7A-4C8D-9E0F-1029384756A1}.Debug|x64.Build.0 = Debug|Any CPU
		{2F3E4D5C-6B7A-4C8D-9E0F-1029384756A1}.Debug|x86.ActiveCfg = Debug|Any CPU
		{2F3E4D5C-6B7A-4C8D-9E0F-1029384756A1}.Debug|x86.Build.0 = Debug|Any CPU
		{2F3E4D5C-6B7A-4C8D-9E0F-1029384756A1}.Release|Any CPU.ActiveCfg = Release|Any CPU
		{2F3E4D5C-6B7A-4C8D-9E0F-1029384756A1}.Release|Any CPU.Build.0 = Release|Any CPU
		{2F3E4D5C-6B7A-4C8D-9E0F-1029384756A1}.Release|x64.ActiveCfg = Release|Any CPU
		{2F3E4D5C-6B7A-4C8D-9E0F-1029384756A1}.Release|x64.Build.0 = Release|Any CPU
		{2F3E4D5C-6B7A-4C8D-9E0F-1029384756A1}.Release|x86.ActiveCfg = Release|Any CPU
		{2F3E4D5C-6B7A-4C8D-9E0F-1029384756A1}.Release|x86.Build.0 = Release|Any CPU
		{1A2B3C4D-5E6F-4A7B-8C9D-0E1F2A3B4C5D}.Debug|Any CPU.ActiveCfg = Debug|Any CPU
		{1A2B3C4D-5E6F-4A7B-8C9D-0E1F2A3B4C5D}.Debug|Any CPU.Build.0 = Debug|Any CPU
		{1A2B3C4D-5E6F-4A7B-8C9D-0E1F2A3B4C5D}.Debug|x64.ActiveCfg = Debug|Any CPU
		{1A2B3C4D-5E6F-4A7B-8C9D-0E1F2A3B4C5D}.Debug|x64.Build.0 = Debug|Any CPU
		{1A2B3C4D-5E6F-4A7B-8C9D-0E1F2A3B4C5D}.Debug|x86.ActiveCfg = Debug|Any CPU
		{1A2B3C4D-5E6F-4A7B-8C9D-0E1F2A3B4C5D}.Debug|x86.Build.0 = Debug|Any CPU
		{1A2B3C4D-5E6F-4A7B-8C9D-0E1F2A3B4C5D}.Release|Any CPU.ActiveCfg = Release|Any CPU
		{1A2B3C4D-5E6F-4A7B-8C9D-0E1F2A3B4C5D}.Release|Any CPU.Build.0 = Release|Any CPU
		{1A2B3C4D-5E6F-4A7B-8C9D-0E1F2A3B4C5D}.Release|x64.ActiveCfg = Release|Any CPU
		{1A2B3C4D-5E6F-4A7B-8C9D-0E1F2A3B4C5D}.Release|x64.Build.0 = Release|Any CPU
		{1A2B3C4D-5E6F-4A7B-8C9D-0E1F2A3B4C5D}.Release|x86.ActiveCfg = Release|Any CPU
		{1A2B3C4D-5E6F-4A7B-8C9D-0E1F2A3B4C5D}.Release|x86.Build.0 = Release|Any CPU
		{F3F2E5E4-5A4F-4A7B-BA88-7F8B5DBD5C7D}.Debug|Any CPU.ActiveCfg = Debug|Any CPU
		{F3F2E5E4-5A4F-4A7B-BA88-7F8B5DBD5C7D}.Debug|Any CPU.Build.0 = Debug|Any CPU
		{F3F2E5E4-5A4F-4A7B-BA88-7F8B5DBD5C7D}.Debug|x64.ActiveCfg = Debug|Any CPU
		{F3F2E5E4-5A4F-4A7B-BA88-7F8B5DBD5C7D}.Debug|x64.Build.0 = Debug|Any CPU
		{F3F2E5E4-5A4F-4A7B-BA88-7F8B5DBD5C7D}.Debug|x86.ActiveCfg = Debug|Any CPU
		{F3F2E5E4-5A4F-4A7B-BA88-7F8B5DBD5C7D}.Debug|x86.Build.0 = Debug|Any CPU
		{F3F2E5E4-5A4F-4A7B-BA88-7F8B5DBD5C7D}.Release|Any CPU.ActiveCfg = Release|Any CPU
		{F3F2E5E4-5A4F-4A7B-BA88-7F8B5DBD5C7D}.Release|Any CPU.Build.0 = Release|Any CPU
		{F3F2E5E4-5A4F-4A7B-BA88-7F8B5DBD5C7D}.Release|x64.ActiveCfg = Release|Any CPU
		{F3F2E5E4-5A4F-4A7B-BA88-7F8B5DBD5C7D}.Release|x64.Build.0 = Release|Any CPU
		{F3F2E5E4-5A4F-4A7B-BA88-7F8B5DBD5C7D}.Release|x86.ActiveCfg = Release|Any CPU
		{F3F2E5E4-5A4F-4A7B-BA88-7F8B5DBD5C7D}.Release|x86.Build.0 = Release|Any CPU
		{8EE8DB44-C536-49BA-B601-84466DC37392}.Debug|Any CPU.ActiveCfg = Debug|Any CPU
		{8EE8DB44-C536-49BA-B601-84466DC37392}.Debug|Any CPU.Build.0 = Debug|Any CPU
		{8EE8DB44-C536-49BA-B601-84466DC37392}.Debug|x64.ActiveCfg = Debug|Any CPU
		{8EE8DB44-C536-49BA-B601-84466DC37392}.Debug|x64.Build.0 = Debug|Any CPU
		{8EE8DB44-C536-49BA-B601-84466DC37392}.Debug|x86.ActiveCfg = Debug|Any CPU
		{8EE8DB44-C536-49BA-B601-84466DC37392}.Debug|x86.Build.0 = Debug|Any CPU
		{8EE8DB44-C536-49BA-B601-84466DC37392}.Release|Any CPU.ActiveCfg = Release|Any CPU
		{8EE8DB44-C536-49BA-B601-84466DC37392}.Release|Any CPU.Build.0 = Release|Any CPU
		{8EE8DB44-C536-49BA-B601-84466DC37392}.Release|x64.ActiveCfg = Release|Any CPU
		{8EE8DB44-C536-49BA-B601-84466DC37392}.Release|x64.Build.0 = Release|Any CPU
		{8EE8DB44-C536-49BA-B601-84466DC37392}.Release|x86.ActiveCfg = Release|Any CPU
		{8EE8DB44-C536-49BA-B601-84466DC37392}.Release|x86.Build.0 = Release|Any CPU
		{94337C99-9EDE-4424-B641-6030DB4660DA}.Debug|Any CPU.ActiveCfg = Debug|Any CPU
		{94337C99-9EDE-4424-B641-6030DB4660DA}.Debug|Any CPU.Build.0 = Debug|Any CPU
		{94337C99-9EDE-4424-B641-6030DB4660DA}.Debug|x64.ActiveCfg = Debug|Any CPU
		{94337C99-9EDE-4424-B641-6030DB4660DA}.Debug|x64.Build.0 = Debug|Any CPU
		{94337C99-9EDE-4424-B641-6030DB4660DA}.Debug|x86.ActiveCfg = Debug|Any CPU
		{94337C99-9EDE-4424-B641-6030DB4660DA}.Debug|x86.Build.0 = Debug|Any CPU
		{94337C99-9EDE-4424-B641-6030DB4660DA}.Release|Any CPU.ActiveCfg = Release|Any CPU
		{94337C99-9EDE-4424-B641-6030DB4660DA}.Release|Any CPU.Build.0 = Release|Any CPU
		{94337C99-9EDE-4424-B641-6030DB4660DA}.Release|x64.ActiveCfg = Release|Any CPU
		{94337C99-9EDE-4424-B641-6030DB4660DA}.Release|x64.Build.0 = Release|Any CPU
		{94337C99-9EDE-4424-B641-6030DB4660DA}.Release|x86.ActiveCfg = Release|Any CPU
		{94337C99-9EDE-4424-B641-6030DB4660DA}.Release|x86.Build.0 = Release|Any CPU
		{0F9A2BA7-B62B-4631-B085-C47DF10A600C}.Debug|Any CPU.ActiveCfg = Debug|Any CPU
		{0F9A2BA7-B62B-4631-B085-C47DF10A600C}.Debug|Any CPU.Build.0 = Debug|Any CPU
		{0F9A2BA7-B62B-4631-B085-C47DF10A600C}.Debug|x64.ActiveCfg = Debug|Any CPU
		{0F9A2BA7-B62B-4631-B085-C47DF10A600C}.Debug|x64.Build.0 = Debug|Any CPU
		{0F9A2BA7-B62B-4631-B085-C47DF10A600C}.Debug|x86.ActiveCfg = Debug|Any CPU
		{0F9A2BA7-B62B-4631-B085-C47DF10A600C}.Debug|x86.Build.0 = Debug|Any CPU
		{0F9A2BA7-B62B-4631-B085-C47DF10A600C}.Release|Any CPU.ActiveCfg = Release|Any CPU
		{0F9A2BA7-B62B-4631-B085-C47DF10A600C}.Release|Any CPU.Build.0 = Release|Any CPU
		{0F9A2BA7-B62B-4631-B085-C47DF10A600C}.Release|x64.ActiveCfg = Release|Any CPU
		{0F9A2BA7-B62B-4631-B085-C47DF10A600C}.Release|x64.Build.0 = Release|Any CPU
		{0F9A2BA7-B62B-4631-B085-C47DF10A600C}.Release|x86.ActiveCfg = Release|Any CPU
		{0F9A2BA7-B62B-4631-B085-C47DF10A600C}.Release|x86.Build.0 = Release|Any CPU
		{F74B4877-8A99-4F58-9DCE-06F6CE4794C1}.Debug|Any CPU.ActiveCfg = Debug|Any CPU
		{F74B4877-8A99-4F58-9DCE-06F6CE4794C1}.Debug|Any CPU.Build.0 = Debug|Any CPU
		{F74B4877-8A99-4F58-9DCE-06F6CE4794C1}.Debug|x64.ActiveCfg = Debug|Any CPU
		{F74B4877-8A99-4F58-9DCE-06F6CE4794C1}.Debug|x64.Build.0 = Debug|Any CPU
		{F74B4877-8A99-4F58-9DCE-06F6CE4794C1}.Debug|x86.ActiveCfg = Debug|Any CPU
		{F74B4877-8A99-4F58-9DCE-06F6CE4794C1}.Debug|x86.Build.0 = Debug|Any CPU
		{F74B4877-8A99-4F58-9DCE-06F6CE4794C1}.Release|Any CPU.ActiveCfg = Release|Any CPU
		{F74B4877-8A99-4F58-9DCE-06F6CE4794C1}.Release|Any CPU.Build.0 = Release|Any CPU
		{F74B4877-8A99-4F58-9DCE-06F6CE4794C1}.Release|x64.ActiveCfg = Release|Any CPU
		{F74B4877-8A99-4F58-9DCE-06F6CE4794C1}.Release|x64.Build.0 = Release|Any CPU
		{F74B4877-8A99-4F58-9DCE-06F6CE4794C1}.Release|x86.ActiveCfg = Release|Any CPU
		{F74B4877-8A99-4F58-9DCE-06F6CE4794C1}.Release|x86.Build.0 = Release|Any CPU
		{1307C6EE-A280-484E-9F9D-85DBCD40938A}.Debug|Any CPU.ActiveCfg = Debug|Any CPU
		{1307C6EE-A280-484E-9F9D-85DBCD40938A}.Debug|Any CPU.Build.0 = Debug|Any CPU
		{1307C6EE-A280-484E-9F9D-85DBCD40938A}.Debug|x64.ActiveCfg = Debug|Any CPU
		{1307C6EE-A280-484E-9F9D-85DBCD40938A}.Debug|x64.Build.0 = Debug|Any CPU
		{1307C6EE-A280-484E-9F9D-85DBCD40938A}.Debug|x86.ActiveCfg = Debug|Any CPU
		{1307C6EE-A280-484E-9F9D-85DBCD40938A}.Debug|x86.Build.0 = Debug|Any CPU
		{1307C6EE-A280-484E-9F9D-85DBCD40938A}.Release|Any CPU.ActiveCfg = Release|Any CPU
		{1307C6EE-A280-484E-9F9D-85DBCD40938A}.Release|Any CPU.Build.0 = Release|Any CPU
		{1307C6EE-A280-484E-9F9D-85DBCD40938A}.Release|x64.ActiveCfg = Release|Any CPU
		{1307C6EE-A280-484E-9F9D-85DBCD40938A}.Release|x64.Build.0 = Release|Any CPU
		{1307C6EE-A280-484E-9F9D-85DBCD40938A}.Release|x86.ActiveCfg = Release|Any CPU
		{1307C6EE-A280-484E-9F9D-85DBCD40938A}.Release|x86.Build.0 = Release|Any CPU
		{0850E85A-CB39-4EA0-AC9A-425FFC30DDB1}.Debug|Any CPU.ActiveCfg = Debug|Any CPU
		{0850E85A-CB39-4EA0-AC9A-425FFC30DDB1}.Debug|Any CPU.Build.0 = Debug|Any CPU
		{0850E85A-CB39-4EA0-AC9A-425FFC30DDB1}.Debug|x64.ActiveCfg = Debug|Any CPU
		{0850E85A-CB39-4EA0-AC9A-425FFC30DDB1}.Debug|x64.Build.0 = Debug|Any CPU
		{0850E85A-CB39-4EA0-AC9A-425FFC30DDB1}.Debug|x86.ActiveCfg = Debug|Any CPU
		{0850E85A-CB39-4EA0-AC9A-425FFC30DDB1}.Debug|x86.Build.0 = Debug|Any CPU
		{0850E85A-CB39-4EA0-AC9A-425FFC30DDB1}.Release|Any CPU.ActiveCfg = Release|Any CPU
		{0850E85A-CB39-4EA0-AC9A-425FFC30DDB1}.Release|Any CPU.Build.0 = Release|Any CPU
		{0850E85A-CB39-4EA0-AC9A-425FFC30DDB1}.Release|x64.ActiveCfg = Release|Any CPU
		{0850E85A-CB39-4EA0-AC9A-425FFC30DDB1}.Release|x64.Build.0 = Release|Any CPU
		{0850E85A-CB39-4EA0-AC9A-425FFC30DDB1}.Release|x86.ActiveCfg = Release|Any CPU
		{0850E85A-CB39-4EA0-AC9A-425FFC30DDB1}.Release|x86.Build.0 = Release|Any CPU
		{7A95CC3B-9164-4207-B476-ABE960AAE41C}.Debug|Any CPU.ActiveCfg = Debug|Any CPU
		{7A95CC3B-9164-4207-B476-ABE960AAE41C}.Debug|Any CPU.Build.0 = Debug|Any CPU
		{7A95CC3B-9164-4207-B476-ABE960AAE41C}.Debug|x64.ActiveCfg = Debug|Any CPU
		{7A95CC3B-9164-4207-B476-ABE960AAE41C}.Debug|x64.Build.0 = Debug|Any CPU
		{7A95CC3B-9164-4207-B476-ABE960AAE41C}.Debug|x86.ActiveCfg = Debug|Any CPU
		{7A95CC3B-9164-4207-B476-ABE960AAE41C}.Debug|x86.Build.0 = Debug|Any CPU
		{7A95CC3B-9164-4207-B476-ABE960AAE41C}.Release|Any CPU.ActiveCfg = Release|Any CPU
		{7A95CC3B-9164-4207-B476-ABE960AAE41C}.Release|Any CPU.Build.0 = Release|Any CPU
		{7A95CC3B-9164-4207-B476-ABE960AAE41C}.Release|x64.ActiveCfg = Release|Any CPU
		{7A95CC3B-9164-4207-B476-ABE960AAE41C}.Release|x64.Build.0 = Release|Any CPU
		{7A95CC3B-9164-4207-B476-ABE960AAE41C}.Release|x86.ActiveCfg = Release|Any CPU
		{7A95CC3B-9164-4207-B476-ABE960AAE41C}.Release|x86.Build.0 = Release|Any CPU
		{B528387E-D30B-4A90-9198-E2F87219D86A}.Debug|Any CPU.ActiveCfg = Debug|Any CPU
		{B528387E-D30B-4A90-9198-E2F87219D86A}.Debug|Any CPU.Build.0 = Debug|Any CPU
		{B528387E-D30B-4A90-9198-E2F87219D86A}.Debug|x64.ActiveCfg = Debug|Any CPU
		{B528387E-D30B-4A90-9198-E2F87219D86A}.Debug|x64.Build.0 = Debug|Any CPU
		{B528387E-D30B-4A90-9198-E2F87219D86A}.Debug|x86.ActiveCfg = Debug|Any CPU
		{B528387E-D30B-4A90-9198-E2F87219D86A}.Debug|x86.Build.0 = Debug|Any CPU
		{B528387E-D30B-4A90-9198-E2F87219D86A}.Release|Any CPU.ActiveCfg = Release|Any CPU
		{B528387E-D30B-4A90-9198-E2F87219D86A}.Release|Any CPU.Build.0 = Release|Any CPU
		{B528387E-D30B-4A90-9198-E2F87219D86A}.Release|x64.ActiveCfg = Release|Any CPU
		{B528387E-D30B-4A90-9198-E2F87219D86A}.Release|x64.Build.0 = Release|Any CPU
		{B528387E-D30B-4A90-9198-E2F87219D86A}.Release|x86.ActiveCfg = Release|Any CPU
		{B528387E-D30B-4A90-9198-E2F87219D86A}.Release|x86.Build.0 = Release|Any CPU
		{60732A3A-51B2-43E7-B618-B74992796062}.Debug|Any CPU.ActiveCfg = Debug|Any CPU
		{60732A3A-51B2-43E7-B618-B74992796062}.Debug|Any CPU.Build.0 = Debug|Any CPU
		{60732A3A-51B2-43E7-B618-B74992796062}.Debug|x64.ActiveCfg = Debug|Any CPU
		{60732A3A-51B2-43E7-B618-B74992796062}.Debug|x64.Build.0 = Debug|Any CPU
		{60732A3A-51B2-43E7-B618-B74992796062}.Debug|x86.ActiveCfg = Debug|Any CPU
		{60732A3A-51B2-43E7-B618-B74992796062}.Debug|x86.Build.0 = Debug|Any CPU
		{60732A3A-51B2-43E7-B618-B74992796062}.Release|Any CPU.ActiveCfg = Release|Any CPU
		{60732A3A-51B2-43E7-B618-B74992796062}.Release|Any CPU.Build.0 = Release|Any CPU
		{60732A3A-51B2-43E7-B618-B74992796062}.Release|x64.ActiveCfg = Release|Any CPU
		{60732A3A-51B2-43E7-B618-B74992796062}.Release|x64.Build.0 = Release|Any CPU
		{60732A3A-51B2-43E7-B618-B74992796062}.Release|x86.ActiveCfg = Release|Any CPU
		{60732A3A-51B2-43E7-B618-B74992796062}.Release|x86.Build.0 = Release|Any CPU
		{D3F4004F-87B0-4BA4-9196-5C876F987F4A}.Debug|Any CPU.ActiveCfg = Debug|Any CPU
		{D3F4004F-87B0-4BA4-9196-5C876F987F4A}.Debug|Any CPU.Build.0 = Debug|Any CPU
		{D3F4004F-87B0-4BA4-9196-5C876F987F4A}.Debug|x64.ActiveCfg = Debug|Any CPU
		{D3F4004F-87B0-4BA4-9196-5C876F987F4A}.Debug|x64.Build.0 = Debug|Any CPU
		{D3F4004F-87B0-4BA4-9196-5C876F987F4A}.Debug|x86.ActiveCfg = Debug|Any CPU
		{D3F4004F-87B0-4BA4-9196-5C876F987F4A}.Debug|x86.Build.0 = Debug|Any CPU
		{D3F4004F-87B0-4BA4-9196-5C876F987F4A}.Release|Any CPU.ActiveCfg = Release|Any CPU
		{D3F4004F-87B0-4BA4-9196-5C876F987F4A}.Release|Any CPU.Build.0 = Release|Any CPU
		{D3F4004F-87B0-4BA4-9196-5C876F987F4A}.Release|x64.ActiveCfg = Release|Any CPU
		{D3F4004F-87B0-4BA4-9196-5C876F987F4A}.Release|x64.Build.0 = Release|Any CPU
		{D3F4004F-87B0-4BA4-9196-5C876F987F4A}.Release|x86.ActiveCfg = Release|Any CPU
		{D3F4004F-87B0-4BA4-9196-5C876F987F4A}.Release|x86.Build.0 = Release|Any CPU
	EndGlobalSection
	GlobalSection(SolutionProperties) = preSolution
		HideSolutionNode = FALSE
	EndGlobalSection
	GlobalSection(NestedProjects) = preSolution
		{4DF80442-A1E5-CC28-AE7B-27B5F9BFE52B} = {827E0CD3-B72D-47B6-A68D-7590B98EB39B}
		{8EE8DB44-C536-49BA-B601-84466DC37392} = {4DF80442-A1E5-CC28-AE7B-27B5F9BFE52B}
		{90298CBA-BD6F-3A0A-69D5-97CAD7B05E7E} = {827E0CD3-B72D-47B6-A68D-7590B98EB39B}
		{94337C99-9EDE-4424-B641-6030DB4660DA} = {90298CBA-BD6F-3A0A-69D5-97CAD7B05E7E}
		{0F9A2BA7-B62B-4631-B085-C47DF10A600C} = {4DF80442-A1E5-CC28-AE7B-27B5F9BFE52B}
		{F74B4877-8A99-4F58-9DCE-06F6CE4794C1} = {4DF80442-A1E5-CC28-AE7B-27B5F9BFE52B}
		{1307C6EE-A280-484E-9F9D-85DBCD40938A} = {0AB3BF05-4346-4AA6-1389-037BE0695223}
		{1875667D-9691-12AB-2993-546296B0D160} = {827E0CD3-B72D-47B6-A68D-7590B98EB39B}
		{0850E85A-CB39-4EA0-AC9A-425FFC30DDB1} = {1875667D-9691-12AB-2993-546296B0D160}
		{7A95CC3B-9164-4207-B476-ABE960AAE41C} = {1875667D-9691-12AB-2993-546296B0D160}
		{B528387E-D30B-4A90-9198-E2F87219D86A} = {1875667D-9691-12AB-2993-546296B0D160}
		{60732A3A-51B2-43E7-B618-B74992796062} = {0AB3BF05-4346-4AA6-1389-037BE0695223}
		{D3F4004F-87B0-4BA4-9196-5C876F987F4A} = {0AB3BF05-4346-4AA6-1389-037BE0695223}
		{63882A7C-90E5-DEE3-63BB-E6ABDBC8A365} = {827E0CD3-B72D-47B6-A68D-7590B98EB39B}
	EndGlobalSection
EndGlobal
